
Microsoft Visual Studio Solution File, Format Version 12.00
# Visual Studio Version 17
VisualStudioVersion = 17.5.33209.295
MinimumVisualStudioVersion = 10.0.40219.1
Project("{9A19103F-16F7-4668-BE54-9A1E7A4F7556}") = "NeuroCovid19", "NeuroCovid-19\NeuroCovid19.csproj", "{D03CDD61-3779-47A2-91E2-0F3301B4AA98}"
EndProject
Project("{54435603-DBB4-11D2-8724-00A0C9A8B90C}") = "Setup", "Setup\Setup.vdproj", "{B09E3096-EAEC-414E-AB94-561BD652B697}"
EndProject
Global
	GlobalSection(SolutionConfigurationPlatforms) = preSolution
		Debug|Any CPU = Debug|Any CPU
		Release|Any CPU = Release|Any CPU
	EndGlobalSection
	GlobalSection(ProjectConfigurationPlatforms) = postSolution
		{D03CDD61-3779-47A2-91E2-0F3301B4AA98}.Debug|Any CPU.ActiveCfg = Debug|Any CPU
		{D03CDD61-3779-47A2-91E2-0F3301B4AA98}.Debug|Any CPU.Build.0 = Debug|Any CPU
		{D03CDD61-3779-47A2-91E2-0F3301B4AA98}.Release|Any CPU.ActiveCfg = Release|Any CPU
		{D03CDD61-3779-47A2-91E2-0F3301B4AA98}.Release|Any CPU.Build.0 = Release|Any CPU
		{B09E3096-EAEC-414E-AB94-561BD652B697}.Debug|Any CPU.ActiveCfg = Debug
		{B09E3096-EAEC-414E-AB94-561BD652B697}.Release|Any CPU.ActiveCfg = Release
	EndGlobalSection
	GlobalSection(SolutionProperties) = preSolution
		HideSolutionNode = FALSE
	EndGlobalSection
	GlobalSection(ExtensibilityGlobals) = postSolution
		SolutionGuid = {537C14A7-F373-49B7-B034-AD6401838E15}
	EndGlobalSection
EndGlobal
